{
  "name": "js-algoritms",
  "version": "1.0.1",
  "lockfileVersion": 1,
  "requires": true,
  "dependencies": {
    "dsh-simple-cache-node": {
      "version": "2.0.1",
      "resolved": "https://registry.npmjs.org/dsh-simple-cache-node/-/dsh-simple-cache-node-2.0.1.tgz",
      "integrity": "sha512-UQZRxXLVKvQ0nHGwOkmkrFUC3LaAWB694nX+vbpd9KGK3OUD9gRUmrRjsI/tzA9bySkSfyxagmJ3SDMWYavTqw=="
    },
    "moment": {
      "version": "2.29.1",
      "resolved": "https://registry.npmjs.org/moment/-/moment-2.29.1.tgz",
      "integrity": "sha512-kHmoybcPV8Sqy59DwNDY3Jefr64lK/by/da0ViFcuA4DH0vQg5Q6Ze5VimxkfQNSC+Mls/Kx53s7TjP1RhFEDQ=="
    }
  }
}
